// !$*UTF8*$!
{
	archiveVersion = 1;
	classes = {
	};
	objectVersion = 46;
	objects = {

/* Begin PBXBuildFile section */
		6DA3AA280956786E9635703A /* Pods_eZZad_iOSTests.framework in Frameworks */ = {isa = PBXBuildFile; fileRef = 4483D5EF2362E483F114CC92 /* Pods_eZZad_iOSTests.framework */; };
		B8393D13021CADD41AFE066D /* Pods_eZZad_iOSUITests.framework in Frameworks */ = {isa = PBXBuildFile; fileRef = B9D8396CCE9FD66C1163B248 /* Pods_eZZad_iOSUITests.framework */; };
		BA900DE31E8FA0B600346963 /* Plots.geojson in Resources */ = {isa = PBXBuildFile; fileRef = BA900DE21E8FA0B600346963 /* Plots.geojson */; };
		BAAA38511E77500100CD8A06 /* MBTileOverlay.swift in Sources */ = {isa = PBXBuildFile; fileRef = BAAA38501E77500100CD8A06 /* MBTileOverlay.swift */; };
		BAAA38521E77500100CD8A06 /* MBTileOverlay.swift in Sources */ = {isa = PBXBuildFile; fileRef = BAAA38501E77500100CD8A06 /* MBTileOverlay.swift */; };
		BAAA38531E77500100CD8A06 /* MBTileOverlay.swift in Sources */ = {isa = PBXBuildFile; fileRef = BAAA38501E77500100CD8A06 /* MBTileOverlay.swift */; };
		BAAA38651E77582900CD8A06 /* zad.mbtiles in Resources */ = {isa = PBXBuildFile; fileRef = BAAA38611E77582900CD8A06 /* zad.mbtiles */; };
		BAAA38661E77582900CD8A06 /* zad.mbtiles in Resources */ = {isa = PBXBuildFile; fileRef = BAAA38611E77582900CD8A06 /* zad.mbtiles */; };
		BAAA38671E77582900CD8A06 /* zad.mbtiles in Resources */ = {isa = PBXBuildFile; fileRef = BAAA38611E77582900CD8A06 /* zad.mbtiles */; };
		BAB427E41E7DC1D4005593D1 /* AirportPerimeter.geojson in Resources */ = {isa = PBXBuildFile; fileRef = BAB427E31E7DC1D4005593D1 /* AirportPerimeter.geojson */; };
		BAE244B01E6CDD5C0014E833 /* AppDelegate.swift in Sources */ = {isa = PBXBuildFile; fileRef = BAE244AF1E6CDD5C0014E833 /* AppDelegate.swift */; };
		BAE244B21E6CDD5C0014E833 /* ViewController.swift in Sources */ = {isa = PBXBuildFile; fileRef = BAE244B11E6CDD5C0014E833 /* ViewController.swift */; };
		BAE244B51E6CDD5C0014E833 /* Main.storyboard in Resources */ = {isa = PBXBuildFile; fileRef = BAE244B31E6CDD5C0014E833 /* Main.storyboard */; };
		BAE244B71E6CDD5C0014E833 /* Assets.xcassets in Resources */ = {isa = PBXBuildFile; fileRef = BAE244B61E6CDD5C0014E833 /* Assets.xcassets */; };
		BAE244BA1E6CDD5C0014E833 /* LaunchScreen.storyboard in Resources */ = {isa = PBXBuildFile; fileRef = BAE244B81E6CDD5C0014E833 /* LaunchScreen.storyboard */; };
		BAE244C51E6CDD5C0014E833 /* eZZad_iOSTests.swift in Sources */ = {isa = PBXBuildFile; fileRef = BAE244C41E6CDD5C0014E833 /* eZZad_iOSTests.swift */; };
		BAE244D01E6CDD5C0014E833 /* eZZad_iOSUITests.swift in Sources */ = {isa = PBXBuildFile; fileRef = BAE244CF1E6CDD5C0014E833 /* eZZad_iOSUITests.swift */; };
		D38E1A5309EB07AD6D6D096D /* Pods_eZZad_iOS.framework in Frameworks */ = {isa = PBXBuildFile; fileRef = C0A3D886FA72DA63649BAD6D /* Pods_eZZad_iOS.framework */; };
/* End PBXBuildFile section */

/* Begin PBXContainerItemProxy section */
		BAE244C11E6CDD5C0014E833 /* PBXContainerItemProxy */ = {
			isa = PBXContainerItemProxy;
			containerPortal = BAE244A41E6CDD5C0014E833 /* Project object */;
			proxyType = 1;
			remoteGlobalIDString = BAE244AB1E6CDD5C0014E833;
			remoteInfo = eZZad_iOS;
		};
		BAE244CC1E6CDD5C0014E833 /* PBXContainerItemProxy */ = {
			isa = PBXContainerItemProxy;
			containerPortal = BAE244A41E6CDD5C0014E833 /* Project object */;
			proxyType = 1;
			remoteGlobalIDString = BAE244AB1E6CDD5C0014E833;
			remoteInfo = eZZad_iOS;
		};
/* End PBXContainerItemProxy section */

/* Begin PBXFileReference section */
		0F3F0BF93C3C5FD83D92EBE9 /* Pods-eZZad_iOS.release.xcconfig */ = {isa = PBXFileReference; includeInIndex = 1; lastKnownFileType = text.xcconfig; name = "Pods-eZZad_iOS.release.xcconfig"; path = "Pods/Target Support Files/Pods-eZZad_iOS/Pods-eZZad_iOS.release.xcconfig"; sourceTree = "<group>"; };
		4483D5EF2362E483F114CC92 /* Pods_eZZad_iOSTests.framework */ = {isa = PBXFileReference; explicitFileType = wrapper.framework; includeInIndex = 0; path = Pods_eZZad_iOSTests.framework; sourceTree = BUILT_PRODUCTS_DIR; };
		5F079E13E0834E0E2CBE668C /* Pods-eZZad_iOSTests.release.xcconfig */ = {isa = PBXFileReference; includeInIndex = 1; lastKnownFileType = text.xcconfig; name = "Pods-eZZad_iOSTests.release.xcconfig"; path = "Pods/Target Support Files/Pods-eZZad_iOSTests/Pods-eZZad_iOSTests.release.xcconfig"; sourceTree = "<group>"; };
		863317413DD7A4759201F2D6 /* Pods-eZZad_iOS.debug.xcconfig */ = {isa = PBXFileReference; includeInIndex = 1; lastKnownFileType = text.xcconfig; name = "Pods-eZZad_iOS.debug.xcconfig"; path = "Pods/Target Support Files/Pods-eZZad_iOS/Pods-eZZad_iOS.debug.xcconfig"; sourceTree = "<group>"; };
		A2CDA0BC92E7F746C4E94C3F /* Pods-eZZad_iOSUITests.release.xcconfig */ = {isa = PBXFileReference; includeInIndex = 1; lastKnownFileType = text.xcconfig; name = "Pods-eZZad_iOSUITests.release.xcconfig"; path = "Pods/Target Support Files/Pods-eZZad_iOSUITests/Pods-eZZad_iOSUITests.release.xcconfig"; sourceTree = "<group>"; };
		B9D8396CCE9FD66C1163B248 /* Pods_eZZad_iOSUITests.framework */ = {isa = PBXFileReference; explicitFileType = wrapper.framework; includeInIndex = 0; path = Pods_eZZad_iOSUITests.framework; sourceTree = BUILT_PRODUCTS_DIR; };
		BA900DE21E8FA0B600346963 /* Plots.geojson */ = {isa = PBXFileReference; fileEncoding = 4; lastKnownFileType = text; path = Plots.geojson; sourceTree = "<group>"; };
		BAAA38501E77500100CD8A06 /* MBTileOverlay.swift */ = {isa = PBXFileReference; fileEncoding = 4; lastKnownFileType = sourcecode.swift; path = MBTileOverlay.swift; sourceTree = "<group>"; };
		BAAA38611E77582900CD8A06 /* zad.mbtiles */ = {isa = PBXFileReference; lastKnownFileType = file; path = zad.mbtiles; sourceTree = "<group>"; };
		BAB427E31E7DC1D4005593D1 /* AirportPerimeter.geojson */ = {isa = PBXFileReference; fileEncoding = 4; lastKnownFileType = text; path = AirportPerimeter.geojson; sourceTree = "<group>"; };
		BAE244AC1E6CDD5C0014E833 /* eZZad_iOS.app */ = {isa = PBXFileReference; explicitFileType = wrapper.application; includeInIndex = 0; path = eZZad_iOS.app; sourceTree = BUILT_PRODUCTS_DIR; };
		BAE244AF1E6CDD5C0014E833 /* AppDelegate.swift */ = {isa = PBXFileReference; lastKnownFileType = sourcecode.swift; path = AppDelegate.swift; sourceTree = "<group>"; };
		BAE244B11E6CDD5C0014E833 /* ViewController.swift */ = {isa = PBXFileReference; lastKnownFileType = sourcecode.swift; path = ViewController.swift; sourceTree = "<group>"; };
		BAE244B41E6CDD5C0014E833 /* Base */ = {isa = PBXFileReference; lastKnownFileType = file.storyboard; name = Base; path = Base.lproj/Main.storyboard; sourceTree = "<group>"; };
		BAE244B61E6CDD5C0014E833 /* Assets.xcassets */ = {isa = PBXFileReference; lastKnownFileType = folder.assetcatalog; path = Assets.xcassets; sourceTree = "<group>"; };
		BAE244B91E6CDD5C0014E833 /* Base */ = {isa = PBXFileReference; lastKnownFileType = file.storyboard; name = Base; path = Base.lproj/LaunchScreen.storyboard; sourceTree = "<group>"; };
		BAE244BB1E6CDD5C0014E833 /* Info.plist */ = {isa = PBXFileReference; lastKnownFileType = text.plist.xml; path = Info.plist; sourceTree = "<group>"; };
		BAE244C01E6CDD5C0014E833 /* eZZad_iOSTests.xctest */ = {isa = PBXFileReference; explicitFileType = wrapper.cfbundle; includeInIndex = 0; path = eZZad_iOSTests.xctest; sourceTree = BUILT_PRODUCTS_DIR; };
		BAE244C41E6CDD5C0014E833 /* eZZad_iOSTests.swift */ = {isa = PBXFileReference; lastKnownFileType = sourcecode.swift; path = eZZad_iOSTests.swift; sourceTree = "<group>"; };
		BAE244C61E6CDD5C0014E833 /* Info.plist */ = {isa = PBXFileReference; lastKnownFileType = text.plist.xml; path = Info.plist; sourceTree = "<group>"; };
		BAE244CB1E6CDD5C0014E833 /* eZZad_iOSUITests.xctest */ = {isa = PBXFileReference; explicitFileType = wrapper.cfbundle; includeInIndex = 0; path = eZZad_iOSUITests.xctest; sourceTree = BUILT_PRODUCTS_DIR; };
		BAE244CF1E6CDD5C0014E833 /* eZZad_iOSUITests.swift */ = {isa = PBXFileReference; lastKnownFileType = sourcecode.swift; path = eZZad_iOSUITests.swift; sourceTree = "<group>"; };
		BAE244D11E6CDD5C0014E833 /* Info.plist */ = {isa = PBXFileReference; lastKnownFileType = text.plist.xml; path = Info.plist; sourceTree = "<group>"; };
		C018A1C0AF85097E9FC185B4 /* Pods-eZZad_iOSUITests.debug.xcconfig */ = {isa = PBXFileReference; includeInIndex = 1; lastKnownFileType = text.xcconfig; name = "Pods-eZZad_iOSUITests.debug.xcconfig"; path = "Pods/Target Support Files/Pods-eZZad_iOSUITests/Pods-eZZad_iOSUITests.debug.xcconfig"; sourceTree = "<group>"; };
		C0A3D886FA72DA63649BAD6D /* Pods_eZZad_iOS.framework */ = {isa = PBXFileReference; explicitFileType = wrapper.framework; includeInIndex = 0; path = Pods_eZZad_iOS.framework; sourceTree = BUILT_PRODUCTS_DIR; };
		FB1B564FA075FD84ED00C4ED /* Pods-eZZad_iOSTests.debug.xcconfig */ = {isa = PBXFileReference; includeInIndex = 1; lastKnownFileType = text.xcconfig; name = "Pods-eZZad_iOSTests.debug.xcconfig"; path = "Pods/Target Support Files/Pods-eZZad_iOSTests/Pods-eZZad_iOSTests.debug.xcconfig"; sourceTree = "<group>"; };
/* End PBXFileReference section */

/* Begin PBXFrameworksBuildPhase section */
		BAE244A91E6CDD5C0014E833 /* Frameworks */ = {
			isa = PBXFrameworksBuildPhase;
			buildActionMask = 2147483647;
			files = (
				D38E1A5309EB07AD6D6D096D /* Pods_eZZad_iOS.framework in Frameworks */,
			);
			runOnlyForDeploymentPostprocessing = 0;
		};
		BAE244BD1E6CDD5C0014E833 /* Frameworks */ = {
			isa = PBXFrameworksBuildPhase;
			buildActionMask = 2147483647;
			files = (
				6DA3AA280956786E9635703A /* Pods_eZZad_iOSTests.framework in Frameworks */,
			);
			runOnlyForDeploymentPostprocessing = 0;
		};
		BAE244C81E6CDD5C0014E833 /* Frameworks */ = {
			isa = PBXFrameworksBuildPhase;
			buildActionMask = 2147483647;
			files = (
				B8393D13021CADD41AFE066D /* Pods_eZZad_iOSUITests.framework in Frameworks */,
			);
			runOnlyForDeploymentPostprocessing = 0;
		};
/* End PBXFrameworksBuildPhase section */

/* Begin PBXGroup section */
		5EAD03ED38456063A079CE70 /* Frameworks */ = {
			isa = PBXGroup;
			children = (
				C0A3D886FA72DA63649BAD6D /* Pods_eZZad_iOS.framework */,
				4483D5EF2362E483F114CC92 /* Pods_eZZad_iOSTests.framework */,
				B9D8396CCE9FD66C1163B248 /* Pods_eZZad_iOSUITests.framework */,
			);
			name = Frameworks;
			sourceTree = "<group>";
		};
		7FB9CCE09175F1F07124FF8B /* Pods */ = {
			isa = PBXGroup;
			children = (
				863317413DD7A4759201F2D6 /* Pods-eZZad_iOS.debug.xcconfig */,
				0F3F0BF93C3C5FD83D92EBE9 /* Pods-eZZad_iOS.release.xcconfig */,
				FB1B564FA075FD84ED00C4ED /* Pods-eZZad_iOSTests.debug.xcconfig */,
				5F079E13E0834E0E2CBE668C /* Pods-eZZad_iOSTests.release.xcconfig */,
				C018A1C0AF85097E9FC185B4 /* Pods-eZZad_iOSUITests.debug.xcconfig */,
				A2CDA0BC92E7F746C4E94C3F /* Pods-eZZad_iOSUITests.release.xcconfig */,
			);
			name = Pods;
			sourceTree = "<group>";
		};
		BAAA385F1E77582900CD8A06 /* eZZad_Common */ = {
			isa = PBXGroup;
			children = (
				BAB427E21E7DC1D4005593D1 /* GeoJson */,
				BAAA38611E77582900CD8A06 /* zad.mbtiles */,
			);
			path = eZZad_Common;
			sourceTree = "<group>";
		};
		BAB427E21E7DC1D4005593D1 /* GeoJson */ = {
			isa = PBXGroup;
			children = (
				BA900DE21E8FA0B600346963 /* Plots.geojson */,
				BAB427E31E7DC1D4005593D1 /* AirportPerimeter.geojson */,
			);
			path = GeoJson;
			sourceTree = "<group>";
		};
		BAE244A31E6CDD5C0014E833 = {
			isa = PBXGroup;
			children = (
				BAAA385F1E77582900CD8A06 /* eZZad_Common */,
				BAE244AE1E6CDD5C0014E833 /* eZZad_iOS */,
				BAE244C31E6CDD5C0014E833 /* eZZad_iOSTests */,
				BAE244CE1E6CDD5C0014E833 /* eZZad_iOSUITests */,
				BAE244AD1E6CDD5C0014E833 /* Products */,
				7FB9CCE09175F1F07124FF8B /* Pods */,
				5EAD03ED38456063A079CE70 /* Frameworks */,
			);
			sourceTree = "<group>";
		};
		BAE244AD1E6CDD5C0014E833 /* Products */ = {
			isa = PBXGroup;
			children = (
				BAE244AC1E6CDD5C0014E833 /* eZZad_iOS.app */,
				BAE244C01E6CDD5C0014E833 /* eZZad_iOSTests.xctest */,
				BAE244CB1E6CDD5C0014E833 /* eZZad_iOSUITests.xctest */,
			);
			name = Products;
			sourceTree = "<group>";
		};
		BAE244AE1E6CDD5C0014E833 /* eZZad_iOS */ = {
			isa = PBXGroup;
			children = (
				BAE244AF1E6CDD5C0014E833 /* AppDelegate.swift */,
				BAE244B11E6CDD5C0014E833 /* ViewController.swift */,
				BAE244B31E6CDD5C0014E833 /* Main.storyboard */,
				BAE244B61E6CDD5C0014E833 /* Assets.xcassets */,
				BAE244B81E6CDD5C0014E833 /* LaunchScreen.storyboard */,
				BAE244BB1E6CDD5C0014E833 /* Info.plist */,
				BAAA38501E77500100CD8A06 /* MBTileOverlay.swift */,
			);
			path = eZZad_iOS;
			sourceTree = "<group>";
		};
		BAE244C31E6CDD5C0014E833 /* eZZad_iOSTests */ = {
			isa = PBXGroup;
			children = (
				BAE244C41E6CDD5C0014E833 /* eZZad_iOSTests.swift */,
				BAE244C61E6CDD5C0014E833 /* Info.plist */,
			);
			path = eZZad_iOSTests;
			sourceTree = "<group>";
		};
		BAE244CE1E6CDD5C0014E833 /* eZZad_iOSUITests */ = {
			isa = PBXGroup;
			children = (
				BAE244CF1E6CDD5C0014E833 /* eZZad_iOSUITests.swift */,
				BAE244D11E6CDD5C0014E833 /* Info.plist */,
			);
			path = eZZad_iOSUITests;
			sourceTree = "<group>";
		};
/* End PBXGroup section */

/* Begin PBXNativeTarget section */
		BAE244AB1E6CDD5C0014E833 /* eZZad_iOS */ = {
			isa = PBXNativeTarget;
			buildConfigurationList = BAE244D41E6CDD5C0014E833 /* Build configuration list for PBXNativeTarget "eZZad_iOS" */;
			buildPhases = (
				2B486C3AC7824DEFD1D1CE29 /* [CP] Check Pods Manifest.lock */,
				BAE244A81E6CDD5C0014E833 /* Sources */,
				BAE244A91E6CDD5C0014E833 /* Frameworks */,
				BAE244AA1E6CDD5C0014E833 /* Resources */,
				C4EEBD68EB0C0B11EADBD3F9 /* [CP] Embed Pods Frameworks */,
				0A80E86BAEDD29A2D3044CF0 /* [CP] Copy Pods Resources */,
			);
			buildRules = (
			);
			dependencies = (
			);
			name = eZZad_iOS;
			productName = eZZad_iOS;
			productReference = BAE244AC1E6CDD5C0014E833 /* eZZad_iOS.app */;
			productType = "com.apple.product-type.application";
		};
		BAE244BF1E6CDD5C0014E833 /* eZZad_iOSTests */ = {
			isa = PBXNativeTarget;
			buildConfigurationList = BAE244D71E6CDD5C0014E833 /* Build configuration list for PBXNativeTarget "eZZad_iOSTests" */;
			buildPhases = (
				15B5C1E046B0BE4BF62A3B35 /* [CP] Check Pods Manifest.lock */,
				BAE244BC1E6CDD5C0014E833 /* Sources */,
				BAE244BD1E6CDD5C0014E833 /* Frameworks */,
				BAE244BE1E6CDD5C0014E833 /* Resources */,
				94C0482879913A82C891062B /* [CP] Embed Pods Frameworks */,
				A81C0D83B69E473B90B02139 /* [CP] Copy Pods Resources */,
			);
			buildRules = (
			);
			dependencies = (
				BAE244C21E6CDD5C0014E833 /* PBXTargetDependency */,
			);
			name = eZZad_iOSTests;
			productName = eZZad_iOSTests;
			productReference = BAE244C01E6CDD5C0014E833 /* eZZad_iOSTests.xctest */;
			productType = "com.apple.product-type.bundle.unit-test";
		};
		BAE244CA1E6CDD5C0014E833 /* eZZad_iOSUITests */ = {
			isa = PBXNativeTarget;
			buildConfigurationList = BAE244DA1E6CDD5C0014E833 /* Build configuration list for PBXNativeTarget "eZZad_iOSUITests" */;
			buildPhases = (
				C955B4ED01D338E546F0D69F /* [CP] Check Pods Manifest.lock */,
				BAE244C71E6CDD5C0014E833 /* Sources */,
				BAE244C81E6CDD5C0014E833 /* Frameworks */,
				BAE244C91E6CDD5C0014E833 /* Resources */,
				45B0E6A5405EC37E89BF1BC5 /* [CP] Embed Pods Frameworks */,
				A95BF5F2A66D446E9F164597 /* [CP] Copy Pods Resources */,
			);
			buildRules = (
			);
			dependencies = (
				BAE244CD1E6CDD5C0014E833 /* PBXTargetDependency */,
			);
			name = eZZad_iOSUITests;
			productName = eZZad_iOSUITests;
			productReference = BAE244CB1E6CDD5C0014E833 /* eZZad_iOSUITests.xctest */;
			productType = "com.apple.product-type.bundle.ui-testing";
		};
/* End PBXNativeTarget section */

/* Begin PBXProject section */
		BAE244A41E6CDD5C0014E833 /* Project object */ = {
			isa = PBXProject;
			attributes = {
				LastSwiftUpdateCheck = 0820;
				LastUpgradeCheck = 0820;
				ORGANIZATIONNAME = Pr0gmaT1k;
				TargetAttributes = {
					BAE244AB1E6CDD5C0014E833 = {
						CreatedOnToolsVersion = 8.2.1;
						LastSwiftMigration = 0820;
						ProvisioningStyle = Automatic;
					};
					BAE244BF1E6CDD5C0014E833 = {
						CreatedOnToolsVersion = 8.2.1;
						LastSwiftMigration = 0820;
						ProvisioningStyle = Automatic;
						TestTargetID = BAE244AB1E6CDD5C0014E833;
					};
					BAE244CA1E6CDD5C0014E833 = {
						CreatedOnToolsVersion = 8.2.1;
						LastSwiftMigration = 0820;
						ProvisioningStyle = Automatic;
						TestTargetID = BAE244AB1E6CDD5C0014E833;
					};
				};
			};
			buildConfigurationList = BAE244A71E6CDD5C0014E833 /* Build configuration list for PBXProject "eZZad_iOS" */;
			compatibilityVersion = "Xcode 3.2";
			developmentRegion = English;
			hasScannedForEncodings = 0;
			knownRegions = (
				en,
				Base,
			);
			mainGroup = BAE244A31E6CDD5C0014E833;
			productRefGroup = BAE244AD1E6CDD5C0014E833 /* Products */;
			projectDirPath = "";
			projectRoot = "";
			targets = (
				BAE244AB1E6CDD5C0014E833 /* eZZad_iOS */,
				BAE244BF1E6CDD5C0014E833 /* eZZad_iOSTests */,
				BAE244CA1E6CDD5C0014E833 /* eZZad_iOSUITests */,
			);
		};
/* End PBXProject section */

/* Begin PBXResourcesBuildPhase section */
		BAE244AA1E6CDD5C0014E833 /* Resources */ = {
			isa = PBXResourcesBuildPhase;
			buildActionMask = 2147483647;
			files = (
				BAAA38651E77582900CD8A06 /* zad.mbtiles in Resources */,
				BAB427E41E7DC1D4005593D1 /* AirportPerimeter.geojson in Resources */,
				BAE244BA1E6CDD5C0014E833 /* LaunchScreen.storyboard in Resources */,
				BAE244B71E6CDD5C0014E833 /* Assets.xcassets in Resources */,
				BA900DE31E8FA0B600346963 /* Plots.geojson in Resources */,
				BAE244B51E6CDD5C0014E833 /* Main.storyboard in Resources */,
			);
			runOnlyForDeploymentPostprocessing = 0;
		};
		BAE244BE1E6CDD5C0014E833 /* Resources */ = {
			isa = PBXResourcesBuildPhase;
			buildActionMask = 2147483647;
			files = (
				BAAA38661E77582900CD8A06 /* zad.mbtiles in Resources */,
			);
			runOnlyForDeploymentPostprocessing = 0;
		};
		BAE244C91E6CDD5C0014E833 /* Resources */ = {
			isa = PBXResourcesBuildPhase;
			buildActionMask = 2147483647;
			files = (
				BAAA38671E77582900CD8A06 /* zad.mbtiles in Resources */,
			);
			runOnlyForDeploymentPostprocessing = 0;
		};
/* End PBXResourcesBuildPhase section */

/* Begin PBXShellScriptBuildPhase section */
		0A80E86BAEDD29A2D3044CF0 /* [CP] Copy Pods Resources */ = {
			isa = PBXShellScriptBuildPhase;
			buildActionMask = 2147483647;
			files = (
			);
			inputPaths = (
			);
			name = "[CP] Copy Pods Resources";
			outputPaths = (
			);
			runOnlyForDeploymentPostprocessing = 0;
			shellPath = /bin/sh;
			shellScript = "\"${SRCROOT}/Pods/Target Support Files/Pods-eZZad_iOS/Pods-eZZad_iOS-resources.sh\"\n";
			showEnvVarsInLog = 0;
		};
		15B5C1E046B0BE4BF62A3B35 /* [CP] Check Pods Manifest.lock */ = {
			isa = PBXShellScriptBuildPhase;
			buildActionMask = 2147483647;
			files = (
			);
			inputPaths = (
			);
			name = "[CP] Check Pods Manifest.lock";
			outputPaths = (
			);
			runOnlyForDeploymentPostprocessing = 0;
			shellPath = /bin/sh;
			shellScript = "diff \"${PODS_ROOT}/../Podfile.lock\" \"${PODS_ROOT}/Manifest.lock\" > /dev/null\nif [ $? != 0 ] ; then\n    # print error to STDERR\n    echo \"error: The sandbox is not in sync with the Podfile.lock. Run 'pod install' or update your CocoaPods installation.\" >&2\n    exit 1\nfi\n";
			showEnvVarsInLog = 0;
		};
		2B486C3AC7824DEFD1D1CE29 /* [CP] Check Pods Manifest.lock */ = {
			isa = PBXShellScriptBuildPhase;
			buildActionMask = 2147483647;
			files = (
			);
			inputPaths = (
			);
			name = "[CP] Check Pods Manifest.lock";
			outputPaths = (
			);
			runOnlyForDeploymentPostprocessing = 0;
			shellPath = /bin/sh;
			shellScript = "diff \"${PODS_ROOT}/../Podfile.lock\" \"${PODS_ROOT}/Manifest.lock\" > /dev/null\nif [ $? != 0 ] ; then\n    # print error to STDERR\n    echo \"error: The sandbox is not in sync with the Podfile.lock. Run 'pod install' or update your CocoaPods installation.\" >&2\n    exit 1\nfi\n";
			showEnvVarsInLog = 0;
		};
		45B0E6A5405EC37E89BF1BC5 /* [CP] Embed Pods Frameworks */ = {
			isa = PBXShellScriptBuildPhase;
			buildActionMask = 2147483647;
			files = (
			);
			inputPaths = (
			);
			name = "[CP] Embed Pods Frameworks";
			outputPaths = (
			);
			runOnlyForDeploymentPostprocessing = 0;
			shellPath = /bin/sh;
			shellScript = "\"${SRCROOT}/Pods/Target Support Files/Pods-eZZad_iOSUITests/Pods-eZZad_iOSUITests-frameworks.sh\"\n";
			showEnvVarsInLog = 0;
		};
		94C0482879913A82C891062B /* [CP] Embed Pods Frameworks */ = {
			isa = PBXShellScriptBuildPhase;
			buildActionMask = 2147483647;
			files = (
			);
			inputPaths = (
			);
			name = "[CP] Embed Pods Frameworks";
			outputPaths = (
			);
			runOnlyForDeploymentPostprocessing = 0;
			shellPath = /bin/sh;
			shellScript = "\"${SRCROOT}/Pods/Target Support Files/Pods-eZZad_iOSTests/Pods-eZZad_iOSTests-frameworks.sh\"\n";
			showEnvVarsInLog = 0;
		};
		A81C0D83B69E473B90B02139 /* [CP] Copy Pods Resources */ = {
			isa = PBXShellScriptBuildPhase;
			buildActionMask = 2147483647;
			files = (
			);
			inputPaths = (
			);
			name = "[CP] Copy Pods Resources";
			outputPaths = (
			);
			runOnlyForDeploymentPostprocessing = 0;
			shellPath = /bin/sh;
			shellScript = "\"${SRCROOT}/Pods/Target Support Files/Pods-eZZad_iOSTests/Pods-eZZad_iOSTests-resources.sh\"\n";
			showEnvVarsInLog = 0;
		};
		A95BF5F2A66D446E9F164597 /* [CP] Copy Pods Resources */ = {
			isa = PBXShellScriptBuildPhase;
			buildActionMask = 2147483647;
			files = (
			);
			inputPaths = (
			);
			name = "[CP] Copy Pods Resources";
			outputPaths = (
			);
			runOnlyForDeploymentPostprocessing = 0;
			shellPath = /bin/sh;
			shellScript = "\"${SRCROOT}/Pods/Target Support Files/Pods-eZZad_iOSUITests/Pods-eZZad_iOSUITests-resources.sh\"\n";
			showEnvVarsInLog = 0;
		};
		C4EEBD68EB0C0B11EADBD3F9 /* [CP] Embed Pods Frameworks */ = {
			isa = PBXShellScriptBuildPhase;
			buildActionMask = 2147483647;
			files = (
			);
			inputPaths = (
			);
			name = "[CP] Embed Pods Frameworks";
			outputPaths = (
			);
			runOnlyForDeploymentPostprocessing = 0;
			shellPath = /bin/sh;
			shellScript = "\"${SRCROOT}/Pods/Target Support Files/Pods-eZZad_iOS/Pods-eZZad_iOS-frameworks.sh\"\n";
			showEnvVarsInLog = 0;
		};
		C955B4ED01D338E546F0D69F /* [CP] Check Pods Manifest.lock */ = {
			isa = PBXShellScriptBuildPhase;
			buildActionMask = 2147483647;
			files = (
			);
			inputPaths = (
			);
			name = "[CP] Check Pods Manifest.lock";
			outputPaths = (
			);
			runOnlyForDeploymentPostprocessing = 0;
			shellPath = /bin/sh;
			shellScript = "diff \"${PODS_ROOT}/../Podfile.lock\" \"${PODS_ROOT}/Manifest.lock\" > /dev/null\nif [ $? != 0 ] ; then\n    # print error to STDERR\n    echo \"error: The sandbox is not in sync with the Podfile.lock. Run 'pod install' or update your CocoaPods installation.\" >&2\n    exit 1\nfi\n";
			showEnvVarsInLog = 0;
		};
/* End PBXShellScriptBuildPhase section */

/* Begin PBXSourcesBuildPhase section */
		BAE244A81E6CDD5C0014E833 /* Sources */ = {
			isa = PBXSourcesBuildPhase;
			buildActionMask = 2147483647;
			files = (
				BAE244B21E6CDD5C0014E833 /* ViewController.swift in Sources */,
				BAE244B01E6CDD5C0014E833 /* AppDelegate.swift in Sources */,
				BAAA38511E77500100CD8A06 /* MBTileOverlay.swift in Sources */,
			);
			runOnlyForDeploymentPostprocessing = 0;
		};
		BAE244BC1E6CDD5C0014E833 /* Sources */ = {
			isa = PBXSourcesBuildPhase;
			buildActionMask = 2147483647;
			files = (
				BAE244C51E6CDD5C0014E833 /* eZZad_iOSTests.swift in Sources */,
				BAAA38521E77500100CD8A06 /* MBTileOverlay.swift in Sources */,
			);
			runOnlyForDeploymentPostprocessing = 0;
		};
		BAE244C71E6CDD5C0014E833 /* Sources */ = {
			isa = PBXSourcesBuildPhase;
			buildActionMask = 2147483647;
			files = (
				BAE244D01E6CDD5C0014E833 /* eZZad_iOSUITests.swift in Sources */,
				BAAA38531E77500100CD8A06 /* MBTileOverlay.swift in Sources */,
			);
			runOnlyForDeploymentPostprocessing = 0;
		};
/* End PBXSourcesBuildPhase section */

/* Begin PBXTargetDependency section */
		BAE244C21E6CDD5C0014E833 /* PBXTargetDependency */ = {
			isa = PBXTargetDependency;
			target = BAE244AB1E6CDD5C0014E833 /* eZZad_iOS */;
			targetProxy = BAE244C11E6CDD5C0014E833 /* PBXContainerItemProxy */;
		};
		BAE244CD1E6CDD5C0014E833 /* PBXTargetDependency */ = {
			isa = PBXTargetDependency;
			target = BAE244AB1E6CDD5C0014E833 /* eZZad_iOS */;
			targetProxy = BAE244CC1E6CDD5C0014E833 /* PBXContainerItemProxy */;
		};
/* End PBXTargetDependency section */

/* Begin PBXVariantGroup section */
		BAE244B31E6CDD5C0014E833 /* Main.storyboard */ = {
			isa = PBXVariantGroup;
			children = (
				BAE244B41E6CDD5C0014E833 /* Base */,
			);
			name = Main.storyboard;
			sourceTree = "<group>";
		};
		BAE244B81E6CDD5C0014E833 /* LaunchScreen.storyboard */ = {
			isa = PBXVariantGroup;
			children = (
				BAE244B91E6CDD5C0014E833 /* Base */,
			);
			name = LaunchScreen.storyboard;
			sourceTree = "<group>";
		};
/* End PBXVariantGroup section */

/* Begin XCBuildConfiguration section */
		BAE244D21E6CDD5C0014E833 /* Debug */ = {
			isa = XCBuildConfiguration;
			buildSettings = {
				ALWAYS_SEARCH_USER_PATHS = NO;
				CLANG_ANALYZER_NONNULL = YES;
				CLANG_CXX_LANGUAGE_STANDARD = "gnu++0x";
				CLANG_CXX_LIBRARY = "libc++";
				CLANG_ENABLE_MODULES = YES;
				CLANG_ENABLE_OBJC_ARC = YES;
				CLANG_WARN_BOOL_CONVERSION = YES;
				CLANG_WARN_CONSTANT_CONVERSION = YES;
				CLANG_WARN_DIRECT_OBJC_ISA_USAGE = YES_ERROR;
				CLANG_WARN_DOCUMENTATION_COMMENTS = YES;
				CLANG_WARN_EMPTY_BODY = YES;
				CLANG_WARN_ENUM_CONVERSION = YES;
				CLANG_WARN_INFINITE_RECURSION = YES;
				CLANG_WARN_INT_CONVERSION = YES;
				CLANG_WARN_OBJC_ROOT_CLASS = YES_ERROR;
				CLANG_WARN_SUSPICIOUS_MOVE = YES;
				CLANG_WARN_UNREACHABLE_CODE = YES;
				CLANG_WARN__DUPLICATE_METHOD_MATCH = YES;
				"CODE_SIGN_IDENTITY[sdk=iphoneos*]" = "iPhone Developer";
				COPY_PHASE_STRIP = NO;
				DEBUG_INFORMATION_FORMAT = dwarf;
				DEFINES_MODULE = YES;
				ENABLE_STRICT_OBJC_MSGSEND = YES;
				ENABLE_TESTABILITY = YES;
				GCC_C_LANGUAGE_STANDARD = gnu99;
				GCC_DYNAMIC_NO_PIC = NO;
				GCC_NO_COMMON_BLOCKS = YES;
				GCC_OPTIMIZATION_LEVEL = 0;
				GCC_PREPROCESSOR_DEFINITIONS = (
					"DEBUG=1",
					"$(inherited)",
				);
				GCC_WARN_64_TO_32_BIT_CONVERSION = YES;
				GCC_WARN_ABOUT_RETURN_TYPE = YES_ERROR;
				GCC_WARN_UNDECLARED_SELECTOR = YES;
				GCC_WARN_UNINITIALIZED_AUTOS = YES_AGGRESSIVE;
				GCC_WARN_UNUSED_FUNCTION = YES;
				GCC_WARN_UNUSED_VARIABLE = YES;
				IPHONEOS_DEPLOYMENT_TARGET = 10.2;
				MTL_ENABLE_DEBUG_INFO = YES;
				ONLY_ACTIVE_ARCH = YES;
				SDKROOT = iphoneos;
				SWIFT_ACTIVE_COMPILATION_CONDITIONS = DEBUG;
				SWIFT_INSTALL_OBJC_HEADER = NO;
				SWIFT_OPTIMIZATION_LEVEL = "-Onone";
				TARGETED_DEVICE_FAMILY = "1,2";
			};
			name = Debug;
		};
		BAE244D31E6CDD5C0014E833 /* Release */ = {
			isa = XCBuildConfiguration;
			buildSettings = {
				ALWAYS_SEARCH_USER_PATHS = NO;
				CLANG_ANALYZER_NONNULL = YES;
				CLANG_CXX_LANGUAGE_STANDARD = "gnu++0x";
				CLANG_CXX_LIBRARY = "libc++";
				CLANG_ENABLE_MODULES = YES;
				CLANG_ENABLE_OBJC_ARC = YES;
				CLANG_WARN_BOOL_CONVERSION = YES;
				CLANG_WARN_CONSTANT_CONVERSION = YES;
				CLANG_WARN_DIRECT_OBJC_ISA_USAGE = YES_ERROR;
				CLANG_WARN_DOCUMENTATION_COMMENTS = YES;
				CLANG_WARN_EMPTY_BODY = YES;
				CLANG_WARN_ENUM_CONVERSION = YES;
				CLANG_WARN_INFINITE_RECURSION = YES;
				CLANG_WARN_INT_CONVERSION = YES;
				CLANG_WARN_OBJC_ROOT_CLASS = YES_ERROR;
				CLANG_WARN_SUSPICIOUS_MOVE = YES;
				CLANG_WARN_UNREACHABLE_CODE = YES;
				CLANG_WARN__DUPLICATE_METHOD_MATCH = YES;
				"CODE_SIGN_IDENTITY[sdk=iphoneos*]" = "iPhone Developer";
				COPY_PHASE_STRIP = NO;
				DEBUG_INFORMATION_FORMAT = "dwarf-with-dsym";
				DEFINES_MODULE = YES;
				ENABLE_NS_ASSERTIONS = NO;
				ENABLE_STRICT_OBJC_MSGSEND = YES;
				GCC_C_LANGUAGE_STANDARD = gnu99;
				GCC_NO_COMMON_BLOCKS = YES;
				GCC_WARN_64_TO_32_BIT_CONVERSION = YES;
				GCC_WARN_ABOUT_RETURN_TYPE = YES_ERROR;
				GCC_WARN_UNDECLARED_SELECTOR = YES;
				GCC_WARN_UNINITIALIZED_AUTOS = YES_AGGRESSIVE;
				GCC_WARN_UNUSED_FUNCTION = YES;
				GCC_WARN_UNUSED_VARIABLE = YES;
				IPHONEOS_DEPLOYMENT_TARGET = 10.2;
				MTL_ENABLE_DEBUG_INFO = NO;
				SDKROOT = iphoneos;
				SWIFT_INSTALL_OBJC_HEADER = NO;
				SWIFT_OPTIMIZATION_LEVEL = "-Owholemodule";
				TARGETED_DEVICE_FAMILY = "1,2";
				VALIDATE_PRODUCT = YES;
			};
			name = Release;
		};
		BAE244D51E6CDD5C0014E833 /* Debug */ = {
			isa = XCBuildConfiguration;
			baseConfigurationReference = 863317413DD7A4759201F2D6 /* Pods-eZZad_iOS.debug.xcconfig */;
			buildSettings = {
				ASSETCATALOG_COMPILER_APPICON_NAME = AppIcon;
				CLANG_ENABLE_MODULES = YES;
				INFOPLIST_FILE = eZZad_iOS/Info.plist;
				LD_RUNPATH_SEARCH_PATHS = "$(inherited) @executable_path/Frameworks";
				PRODUCT_BUNDLE_IDENTIFIER = "com.Pr0gmaT1k.eZZad-iOS";
				PRODUCT_NAME = "$(TARGET_NAME)";
				SWIFT_INSTALL_OBJC_HEADER = NO;
				SWIFT_OBJC_BRIDGING_HEADER = "";
				SWIFT_OPTIMIZATION_LEVEL = "-Onone";
				SWIFT_VERSION = 3.0;
			};
			name = Debug;
		};
		BAE244D61E6CDD5C0014E833 /* Release */ = {
			isa = XCBuildConfiguration;
			baseConfigurationReference = 0F3F0BF93C3C5FD83D92EBE9 /* Pods-eZZad_iOS.release.xcconfig */;
			buildSettings = {
				ASSETCATALOG_COMPILER_APPICON_NAME = AppIcon;
				CLANG_ENABLE_MODULES = YES;
				INFOPLIST_FILE = eZZad_iOS/Info.plist;
				LD_RUNPATH_SEARCH_PATHS = "$(inherited) @executable_path/Frameworks";
				PRODUCT_BUNDLE_IDENTIFIER = "com.Pr0gmaT1k.eZZad-iOS";
				PRODUCT_NAME = "$(TARGET_NAME)";
				SWIFT_INSTALL_OBJC_HEADER = NO;
				SWIFT_OBJC_BRIDGING_HEADER = "";
				SWIFT_VERSION = 3.0;
			};
			name = Release;
		};
		BAE244D81E6CDD5C0014E833 /* Debug */ = {
			isa = XCBuildConfiguration;
			baseConfigurationReference = FB1B564FA075FD84ED00C4ED /* Pods-eZZad_iOSTests.debug.xcconfig */;
			buildSettings = {
				ALWAYS_EMBED_SWIFT_STANDARD_LIBRARIES = YES;
				BUNDLE_LOADER = "$(TEST_HOST)";
				CLANG_ENABLE_MODULES = YES;
				INFOPLIST_FILE = eZZad_iOSTests/Info.plist;
				LD_RUNPATH_SEARCH_PATHS = "$(inherited) @executable_path/Frameworks @loader_path/Frameworks";
				PRODUCT_BUNDLE_IDENTIFIER = "com.Pr0gmaT1k.eZZad-iOSTests";
				PRODUCT_NAME = "$(TARGET_NAME)";
				SWIFT_INSTALL_OBJC_HEADER = NO;
				SWIFT_OBJC_BRIDGING_HEADER = "";
				SWIFT_OPTIMIZATION_LEVEL = "-Onone";
				SWIFT_VERSION = 3.0;
				TEST_HOST = "$(BUILT_PRODUCTS_DIR)/eZZad_iOS.app/eZZad_iOS";
			};
			name = Debug;
		};
		BAE244D91E6CDD5C0014E833 /* Release */ = {
			isa = XCBuildConfiguration;
			baseConfigurationReference = 5F079E13E0834E0E2CBE668C /* Pods-eZZad_iOSTests.release.xcconfig */;
			buildSettings = {
				ALWAYS_EMBED_SWIFT_STANDARD_LIBRARIES = YES;
				BUNDLE_LOADER = "$(TEST_HOST)";
				CLANG_ENABLE_MODULES = YES;
				INFOPLIST_FILE = eZZad_iOSTests/Info.plist;
				LD_RUNPATH_SEARCH_PATHS = "$(inherited) @executable_path/Frameworks @loader_path/Frameworks";
				PRODUCT_BUNDLE_IDENTIFIER = "com.Pr0gmaT1k.eZZad-iOSTests";
				PRODUCT_NAME = "$(TARGET_NAME)";
				SWIFT_INSTALL_OBJC_HEADER = NO;
				SWIFT_OBJC_BRIDGING_HEADER = "";
				SWIFT_VERSION = 3.0;
				TEST_HOST = "$(BUILT_PRODUCTS_DIR)/eZZad_iOS.app/eZZad_iOS";
			};
			name = Release;
		};
		BAE244DB1E6CDD5C0014E833 /* Debug */ = {
			isa = XCBuildConfiguration;
			baseConfigurationReference = C018A1C0AF85097E9FC185B4 /* Pods-eZZad_iOSUITests.debug.xcconfig */;
			buildSettings = {
				ALWAYS_EMBED_SWIFT_STANDARD_LIBRARIES = YES;
				CLANG_ENABLE_MODULES = YES;
				INFOPLIST_FILE = eZZad_iOSUITests/Info.plist;
				LD_RUNPATH_SEARCH_PATHS = "$(inherited) @executable_path/Frameworks @loader_path/Frameworks";
				PRODUCT_BUNDLE_IDENTIFIER = "com.Pr0gmaT1k.eZZad-iOSUITests";
				PRODUCT_NAME = "$(TARGET_NAME)";
				SWIFT_INSTALL_OBJC_HEADER = NO;
				SWIFT_OBJC_BRIDGING_HEADER = "";
				SWIFT_OPTIMIZATION_LEVEL = "-Onone";
				SWIFT_VERSION = 3.0;
				TEST_TARGET_NAME = eZZad_iOS;
			};
			name = Debug;
		};
		BAE244DC1E6CDD5C0014E833 /* Release */ = {
			isa = XCBuildConfiguration;
			baseConfigurationReference = A2CDA0BC92E7F746C4E94C3F /* Pods-eZZad_iOSUITests.release.xcconfig */;
			buildSettings = {
				ALWAYS_EMBED_SWIFT_STANDARD_LIBRARIES = YES;
				CLANG_ENABLE_MODULES = YES;
				INFOPLIST_FILE = eZZad_iOSUITests/Info.plist;
				LD_RUNPATH_SEARCH_PATHS = "$(inherited) @executable_path/Frameworks @loader_path/Frameworks";
				PRODUCT_BUNDLE_IDENTIFIER = "com.Pr0gmaT1k.eZZad-iOSUITests";
				PRODUCT_NAME = "$(TARGET_NAME)";
				SWIFT_INSTALL_OBJC_HEADER = NO;
				SWIFT_OBJC_BRIDGING_HEADER = "";
				SWIFT_VERSION = 3.0;
				TEST_TARGET_NAME = eZZad_iOS;
			};
			name = Release;
		};
/* End XCBuildConfiguration section */

/* Begin XCConfigurationList section */
		BAE244A71E6CDD5C0014E833 /* Build configuration list for PBXProject "eZZad_iOS" */ = {
			isa = XCConfigurationList;
			buildConfigurations = (
				BAE244D21E6CDD5C0014E833 /* Debug */,
				BAE244D31E6CDD5C0014E833 /* Release */,
			);
			defaultConfigurationIsVisible = 0;
			defaultConfigurationName = Release;
		};
		BAE244D41E6CDD5C0014E833 /* Build configuration list for PBXNativeTarget "eZZad_iOS" */ = {
			isa = XCConfigurationList;
			buildConfigurations = (
				BAE244D51E6CDD5C0014E833 /* Debug */,
				BAE244D61E6CDD5C0014E833 /* Release */,
			);
			defaultConfigurationIsVisible = 0;
			defaultConfigurationName = Release;
		};
		BAE244D71E6CDD5C0014E833 /* Build configuration list for PBXNativeTarget "eZZad_iOSTests" */ = {
			isa = XCConfigurationList;
			buildConfigurations = (
				BAE244D81E6CDD5C0014E833 /* Debug */,
				BAE244D91E6CDD5C0014E833 /* Release */,
			);
			defaultConfigurationIsVisible = 0;
			defaultConfigurationName = Release;
		};
		BAE244DA1E6CDD5C0014E833 /* Build configuration list for PBXNativeTarget "eZZad_iOSUITests" */ = {
			isa = XCConfigurationList;
			buildConfigurations = (
				BAE244DB1E6CDD5C0014E833 /* Debug */,
				BAE244DC1E6CDD5C0014E833 /* Release */,
			);
			defaultConfigurationIsVisible = 0;
			defaultConfigurationName = Release;
		};
/* End XCConfigurationList section */
	};
	rootObject = BAE244A41E6CDD5C0014E833 /* Project object */;
}
